
Microsoft Visual Studio Solution File, Format Version 12.00
# Visual Studio 15
VisualStudioVersion = 15.0.27703.2042
MinimumVisualStudioVersion = 10.0.40219.1
Project("{FAE04EC0-301F-11D3-BF4B-00C04F79EFBC}") = "Blueberries", "Bluciferum\Blueberries.csproj", "{A31F7378-5494-4B02-B824-4CACB8EBB481}"
EndProject
Global
	GlobalSection(SolutionConfigurationPlatforms) = preSolution
		Debug|Any CPU = Debug|Any CPU
		Release|Any CPU = Release|Any CPU
	EndGlobalSection
	GlobalSection(ProjectConfigurationPlatforms) = postSolution
		{A31F7378-5494-4B02-B824-4CACB8EBB481}.Debug|Any CPU.ActiveCfg = Debug|Any CPU
		{A31F7378-5494-4B02-B824-4CACB8EBB481}.Debug|Any CPU.Build.0 = Debug|Any CPU
		{A31F7378-5494-4B02-B824-4CACB8EBB481}.Release|Any CPU.ActiveCfg = Release|Any CPU
		{A31F7378-5494-4B02-B824-4CACB8EBB481}.Release|Any CPU.Build.0 = Release|Any CPU
	EndGlobalSection
	GlobalSection(SolutionProperties) = preSolution
		HideSolutionNode = FALSE
	EndGlobalSection
	GlobalSection(ExtensibilityGlobals) = postSolution
		SolutionGuid = {B8D4E3B4-0CF2-452E-905C-ED7A003B81AE}
	EndGlobalSection
EndGlobal
